
Microsoft Visual Studio Solution File, Format Version 12.00
# Visual Studio Version 16
VisualStudioVersion = 16.0.29020.237
MinimumVisualStudioVersion = 10.0.40219.1
Project("{FAE04EC0-301F-11D3-BF4B-00C04F79EFBC}") = "FleetClients", "FleetClients\FleetClients.csproj", "{679AE168-C004-468A-8AC6-69B99C8D39A1}"
EndProject
Project("{FAE04EC0-301F-11D3-BF4B-00C04F79EFBC}") = "FleetClients.Test", "FleetClients.Test\FleetClients.Test.csproj", "{E4958A2A-C407-4AFE-BCEF-03831F9BADE6}"
EndProject
Project("{FAE04EC0-301F-11D3-BF4B-00C04F79EFBC}") = "FleetClients.DemoApp", "FleetClients.DemoApp\FleetClients.DemoApp.csproj", "{416226B8-BB0B-44DC-8686-98ECF66611E9}"
EndProject
Project("{FAE04EC0-301F-11D3-BF4B-00C04F79EFBC}") = "FleetClients.Controls", "FleetClients.Controls\FleetClients.Controls.csproj", "{980B8E31-A68E-4D26-B027-2C49D042072D}"
EndProject
Project("{FAE04EC0-301F-11D3-BF4B-00C04F79EFBC}") = "FleetClients.FleetClientConsole", "FleetClients.FleetClientConsole\FleetClients.FleetClientConsole.csproj", "{2F063BF5-45ED-4716-99B0-32262AA9603D}"
EndProject
Project("{FAE04EC0-301F-11D3-BF4B-00C04F79EFBC}") = "FleetClients.UI", "FleetClients.UI\FleetClients.UI.csproj", "{80A20E0E-3A34-4A7C-B8F4-D21D917F13C6}"
EndProject
Global
	GlobalSection(SolutionConfigurationPlatforms) = preSolution
		Debug|Any CPU = Debug|Any CPU
		Release|Any CPU = Release|Any CPU
	EndGlobalSection
	GlobalSection(ProjectConfigurationPlatforms) = postSolution
		{679AE168-C004-468A-8AC6-69B99C8D39A1}.Debug|Any CPU.ActiveCfg = Debug|Any CPU
		{679AE168-C004-468A-8AC6-69B99C8D39A1}.Debug|Any CPU.Build.0 = Debug|Any CPU
		{679AE168-C004-468A-8AC6-69B99C8D39A1}.Release|Any CPU.ActiveCfg = Release|Any CPU
		{679AE168-C004-468A-8AC6-69B99C8D39A1}.Release|Any CPU.Build.0 = Release|Any CPU
		{E4958A2A-C407-4AFE-BCEF-03831F9BADE6}.Debug|Any CPU.ActiveCfg = Debug|Any CPU
		{E4958A2A-C407-4AFE-BCEF-03831F9BADE6}.Debug|Any CPU.Build.0 = Debug|Any CPU
		{E4958A2A-C407-4AFE-BCEF-03831F9BADE6}.Release|Any CPU.ActiveCfg = Release|Any CPU
		{E4958A2A-C407-4AFE-BCEF-03831F9BADE6}.Release|Any CPU.Build.0 = Release|Any CPU
		{416226B8-BB0B-44DC-8686-98ECF66611E9}.Debug|Any CPU.ActiveCfg = Debug|Any CPU
		{416226B8-BB0B-44DC-8686-98ECF66611E9}.Debug|Any CPU.Build.0 = Debug|Any CPU
		{416226B8-BB0B-44DC-8686-98ECF66611E9}.Release|Any CPU.ActiveCfg = Release|Any CPU
		{416226B8-BB0B-44DC-8686-98ECF66611E9}.Release|Any CPU.Build.0 = Release|Any CPU
		{980B8E31-A68E-4D26-B027-2C49D042072D}.Debug|Any CPU.ActiveCfg = Debug|Any CPU
		{980B8E31-A68E-4D26-B027-2C49D042072D}.Debug|Any CPU.Build.0 = Debug|Any CPU
		{980B8E31-A68E-4D26-B027-2C49D042072D}.Release|Any CPU.ActiveCfg = Release|Any CPU
		{980B8E31-A68E-4D26-B027-2C49D042072D}.Release|Any CPU.Build.0 = Release|Any CPU
		{2F063BF5-45ED-4716-99B0-32262AA9603D}.Debug|Any CPU.ActiveCfg = Debug|Any CPU
		{2F063BF5-45ED-4716-99B0-32262AA9603D}.Debug|Any CPU.Build.0 = Debug|Any CPU
		{2F063BF5-45ED-4716-99B0-32262AA9603D}.Release|Any CPU.ActiveCfg = Release|Any CPU
		{2F063BF5-45ED-4716-99B0-32262AA9603D}.Release|Any CPU.Build.0 = Release|Any CPU
		{80A20E0E-3A34-4A7C-B8F4-D21D917F13C6}.Debug|Any CPU.ActiveCfg = Debug|Any CPU
		{80A20E0E-3A34-4A7C-B8F4-D21D917F13C6}.Debug|Any CPU.Build.0 = Debug|Any CPU
		{80A20E0E-3A34-4A7C-B8F4-D21D917F13C6}.Release|Any CPU.ActiveCfg = Release|Any CPU
		{80A20E0E-3A34-4A7C-B8F4-D21D917F13C6}.Release|Any CPU.Build.0 = Release|Any CPU
	EndGlobalSection
	GlobalSection(SolutionProperties) = preSolution
		HideSolutionNode = FALSE
	EndGlobalSection
	GlobalSection(ExtensibilityGlobals) = postSolution
		SolutionGuid = {0370B435-3BD2-4B53-98F1-69EC38DF9662}
	EndGlobalSection
EndGlobal
